
Microsoft Visual Studio Solution File, Format Version 12.00
# Visual Studio Version 16
VisualStudioVersion = 16.0.30907.101
MinimumVisualStudioVersion = 10.0.40219.1
Project("{9A19103F-16F7-4668-BE54-9A1E7A4F7556}") = "Scores.Api", "src\Scores.Api\Scores.Api.csproj", "{28A80CE0-6B62-47C0-88F3-C86B96A3C96B}"
EndProject
Project("{9A19103F-16F7-4668-BE54-9A1E7A4F7556}") = "Scores.Api.Tests", "src\Scores.Api.Tests\Scores.Api.Tests.csproj", "{7961E146-B21B-4110-9FA5-813AD810C787}"
EndProject
Global
	GlobalSection(SolutionConfigurationPlatforms) = preSolution
		Debug|Any CPU = Debug|Any CPU
		Release|Any CPU = Release|Any CPU
	EndGlobalSection
	GlobalSection(ProjectConfigurationPlatforms) = postSolution
		{28A80CE0-6B62-47C0-88F3-C86B96A3C96B}.Debug|Any CPU.ActiveCfg = Debug|Any CPU
		{28A80CE0-6B62-47C0-88F3-C86B96A3C96B}.Debug|Any CPU.Build.0 = Debug|Any CPU
		{28A80CE0-6B62-47C0-88F3-C86B96A3C96B}.Release|Any CPU.ActiveCfg = Release|Any CPU
		{28A80CE0-6B62-47C0-88F3-C86B96A3C96B}.Release|Any CPU.Build.0 = Release|Any CPU
		{7961E146-B21B-4110-9FA5-813AD810C787}.Debug|Any CPU.ActiveCfg = Debug|Any CPU
		{7961E146-B21B-4110-9FA5-813AD810C787}.Debug|Any CPU.Build.0 = Debug|Any CPU
		{7961E146-B21B-4110-9FA5-813AD810C787}.Release|Any CPU.ActiveCfg = Release|Any CPU
		{7961E146-B21B-4110-9FA5-813AD810C787}.Release|Any CPU.Build.0 = Release|Any CPU
	EndGlobalSection
	GlobalSection(SolutionProperties) = preSolution
		HideSolutionNode = FALSE
	EndGlobalSection
	GlobalSection(ExtensibilityGlobals) = postSolution
		SolutionGuid = {1511187C-9243-483B-8C9D-99F0AC0619E4}
	EndGlobalSection
EndGlobal
